# This file is generated by running "yarn install" inside your project.
# Manual changes might be lost - proceed with caution!

__metadata:
  version: 6
  cacheKey: 8

"@aws-crypto/crc32@npm:3.0.0":
  version: 3.0.0
  resolution: "@aws-crypto/crc32@npm:3.0.0"
  dependencies:
    "@aws-crypto/util": ^3.0.0
    "@aws-sdk/types": ^3.222.0
    tslib: ^1.11.1
  checksum: 9fdb3e837fc54119b017ea34fd0a6d71d2c88075d99e1e818a5158e0ad30ced67ddbcc423a11ceeef6cc465ab5ffd91830acab516470b48237ca7abd51be9642
  languageName: node
  linkType: hard

"@aws-crypto/crc32c@npm:3.0.0":
  version: 3.0.0
  resolution: "@aws-crypto/crc32c@npm:3.0.0"
  dependencies:
    "@aws-crypto/util": ^3.0.0
    "@aws-sdk/types": ^3.222.0
    tslib: ^1.11.1
  checksum: 0a116b5d1c5b09a3dde65aab04a07b32f543e87b68f2d175081e3f4a1a17502343f223d691dd883ace1ddce65cd40093673e7c7415dcd99062202ba87ffb4038
  languageName: node
  linkType: hard

"@aws-crypto/ie11-detection@npm:^3.0.0":
  version: 3.0.0
  resolution: "@aws-crypto/ie11-detection@npm:3.0.0"
  dependencies:
    tslib: ^1.11.1
  checksum: 299b2ddd46eddac1f2d54d91386ceb37af81aef8a800669281c73d634ed17fd855dcfb8b3157f2879344b93a2666a6d602550eb84b71e4d7868100ad6da8f803
  languageName: node
  linkType: hard

"@aws-crypto/sha1-browser@npm:3.0.0":
  version: 3.0.0
  resolution: "@aws-crypto/sha1-browser@npm:3.0.0"
  dependencies:
    "@aws-crypto/ie11-detection": ^3.0.0
    "@aws-crypto/supports-web-crypto": ^3.0.0
    "@aws-crypto/util": ^3.0.0
    "@aws-sdk/types": ^3.222.0
    "@aws-sdk/util-locate-window": ^3.0.0
    "@aws-sdk/util-utf8-browser": ^3.0.0
    tslib: ^1.11.1
  checksum: 78c379e105a0c4e7b2ed745dffd8f55054d7dde8b350b61de682bbc3cd081a50e2f87861954fa9cd53c7ea711ebca1ca0137b14cb36483efc971f60f573cf129
  languageName: node
  linkType: hard

"@aws-crypto/sha256-browser@npm:3.0.0":
  version: 3.0.0
  resolution: "@aws-crypto/sha256-browser@npm:3.0.0"
  dependencies:
    "@aws-crypto/ie11-detection": ^3.0.0
    "@aws-crypto/sha256-js": ^3.0.0
    "@aws-crypto/supports-web-crypto": ^3.0.0
    "@aws-crypto/util": ^3.0.0
    "@aws-sdk/types": ^3.222.0
    "@aws-sdk/util-locate-window": ^3.0.0
    "@aws-sdk/util-utf8-browser": ^3.0.0
    tslib: ^1.11.1
  checksum: ca89456bf508db2e08060a7f656460db97ac9a15b11e39d6fa7665e2b156508a1758695bff8e82d0a00178d6ac5c36f35eb4bcfac2e48621265224ca14a19bd2
  languageName: node
  linkType: hard

"@aws-crypto/sha256-js@npm:3.0.0, @aws-crypto/sha256-js@npm:^3.0.0":
  version: 3.0.0
  resolution: "@aws-crypto/sha256-js@npm:3.0.0"
  dependencies:
    "@aws-crypto/util": ^3.0.0
    "@aws-sdk/types": ^3.222.0
    tslib: ^1.11.1
  checksum: 644ded32ea310237811afae873d3c7320739cb6f6cc39dced9c94801379e68e5ee2cca0c34f0384793fa9e750a7e0a5e2468f95754bd08e6fd72ab833c8fe23c
  languageName: node
  linkType: hard

"@aws-crypto/supports-web-crypto@npm:^3.0.0":
  version: 3.0.0
  resolution: "@aws-crypto/supports-web-crypto@npm:3.0.0"
  dependencies:
    tslib: ^1.11.1
  checksum: 35479a1558db9e9a521df6877a99f95670e972c602f2a0349303477e5d638a5baf569fb037c853710e382086e6fd77e8ed58d3fb9b49f6e1186a9d26ce7be006
  languageName: node
  linkType: hard

"@aws-crypto/util@npm:^3.0.0":
  version: 3.0.0
  resolution: "@aws-crypto/util@npm:3.0.0"
  dependencies:
    "@aws-sdk/types": ^3.222.0
    "@aws-sdk/util-utf8-browser": ^3.0.0
    tslib: ^1.11.1
  checksum: d29d5545048721aae3d60b236708535059733019a105f8a64b4e4a8eab7cf8dde1546dc56bff7de20d36140a4d1f0f4693e639c5732a7059273a7b1e56354776
  languageName: node
  linkType: hard

"@aws-sdk/client-s3@npm:^3.385.0":
  version: 3.385.0
  resolution: "@aws-sdk/client-s3@npm:3.385.0"
  dependencies:
    "@aws-crypto/sha1-browser": 3.0.0
    "@aws-crypto/sha256-browser": 3.0.0
    "@aws-crypto/sha256-js": 3.0.0
    "@aws-sdk/client-sts": 3.385.0
    "@aws-sdk/credential-provider-node": 3.385.0
    "@aws-sdk/middleware-bucket-endpoint": 3.378.0
    "@aws-sdk/middleware-expect-continue": 3.378.0
    "@aws-sdk/middleware-flexible-checksums": 3.383.0
    "@aws-sdk/middleware-host-header": 3.379.1
    "@aws-sdk/middleware-location-constraint": 3.379.1
    "@aws-sdk/middleware-logger": 3.378.0
    "@aws-sdk/middleware-recursion-detection": 3.378.0
    "@aws-sdk/middleware-sdk-s3": 3.379.1
    "@aws-sdk/middleware-signing": 3.379.1
    "@aws-sdk/middleware-ssec": 3.378.0
    "@aws-sdk/middleware-user-agent": 3.382.0
    "@aws-sdk/signature-v4-multi-region": 3.378.0
    "@aws-sdk/types": 3.378.0
    "@aws-sdk/util-endpoints": 3.382.0
    "@aws-sdk/util-user-agent-browser": 3.378.0
    "@aws-sdk/util-user-agent-node": 3.378.0
    "@aws-sdk/xml-builder": 3.310.0
    "@smithy/config-resolver": ^2.0.1
    "@smithy/eventstream-serde-browser": ^2.0.1
    "@smithy/eventstream-serde-config-resolver": ^2.0.1
    "@smithy/eventstream-serde-node": ^2.0.1
    "@smithy/fetch-http-handler": ^2.0.1
    "@smithy/hash-blob-browser": ^2.0.1
    "@smithy/hash-node": ^2.0.1
    "@smithy/hash-stream-node": ^2.0.1
    "@smithy/invalid-dependency": ^2.0.1
    "@smithy/md5-js": ^2.0.1
    "@smithy/middleware-content-length": ^2.0.1
    "@smithy/middleware-endpoint": ^2.0.1
    "@smithy/middleware-retry": ^2.0.1
    "@smithy/middleware-serde": ^2.0.1
    "@smithy/middleware-stack": ^2.0.0
    "@smithy/node-config-provider": ^2.0.1
    "@smithy/node-http-handler": ^2.0.1
    "@smithy/protocol-http": ^2.0.1
    "@smithy/smithy-client": ^2.0.1
    "@smithy/types": ^2.0.2
    "@smithy/url-parser": ^2.0.1
    "@smithy/util-base64": ^2.0.0
    "@smithy/util-body-length-browser": ^2.0.0
    "@smithy/util-body-length-node": ^2.0.0
    "@smithy/util-defaults-mode-browser": ^2.0.1
    "@smithy/util-defaults-mode-node": ^2.0.1
    "@smithy/util-retry": ^2.0.0
    "@smithy/util-stream": ^2.0.1
    "@smithy/util-utf8": ^2.0.0
    "@smithy/util-waiter": ^2.0.1
    fast-xml-parser: 4.2.5
    tslib: ^2.5.0
  checksum: 783d3b6f59f2bd2fec9e57c9c66fd504fc71b975a5855e34600a0f490aa0f4caccc27dcc5ec073ab1dde4751186701a75d471993d2279ff58b8e32da276283b9
  languageName: node
  linkType: hard

"@aws-sdk/client-sso@npm:3.382.0":
  version: 3.382.0
  resolution: "@aws-sdk/client-sso@npm:3.382.0"
  dependencies:
    "@aws-crypto/sha256-browser": 3.0.0
    "@aws-crypto/sha256-js": 3.0.0
    "@aws-sdk/middleware-host-header": 3.379.1
    "@aws-sdk/middleware-logger": 3.378.0
    "@aws-sdk/middleware-recursion-detection": 3.378.0
    "@aws-sdk/middleware-user-agent": 3.382.0
    "@aws-sdk/types": 3.378.0
    "@aws-sdk/util-endpoints": 3.382.0
    "@aws-sdk/util-user-agent-browser": 3.378.0
    "@aws-sdk/util-user-agent-node": 3.378.0
    "@smithy/config-resolver": ^2.0.1
    "@smithy/fetch-http-handler": ^2.0.1
    "@smithy/hash-node": ^2.0.1
    "@smithy/invalid-dependency": ^2.0.1
    "@smithy/middleware-content-length": ^2.0.1
    "@smithy/middleware-endpoint": ^2.0.1
    "@smithy/middleware-retry": ^2.0.1
    "@smithy/middleware-serde": ^2.0.1
    "@smithy/middleware-stack": ^2.0.0
    "@smithy/node-config-provider": ^2.0.1
    "@smithy/node-http-handler": ^2.0.1
    "@smithy/protocol-http": ^2.0.1
    "@smithy/smithy-client": ^2.0.1
    "@smithy/types": ^2.0.2
    "@smithy/url-parser": ^2.0.1
    "@smithy/util-base64": ^2.0.0
    "@smithy/util-body-length-browser": ^2.0.0
    "@smithy/util-body-length-node": ^2.0.0
    "@smithy/util-defaults-mode-browser": ^2.0.1
    "@smithy/util-defaults-mode-node": ^2.0.1
    "@smithy/util-retry": ^2.0.0
    "@smithy/util-utf8": ^2.0.0
    tslib: ^2.5.0
  checksum: ef6c13d334913e05d3f4e0296259312beb8e257a8ed2a7421bf3239e96b8712259e8f94c12d26dc2b3b2948dfd1ea1141bde24931916c55ab398f7556e05bb6b
  languageName: node
  linkType: hard

"@aws-sdk/client-sts@npm:3.385.0":
  version: 3.385.0
  resolution: "@aws-sdk/client-sts@npm:3.385.0"
  dependencies:
    "@aws-crypto/sha256-browser": 3.0.0
    "@aws-crypto/sha256-js": 3.0.0
    "@aws-sdk/credential-provider-node": 3.385.0
    "@aws-sdk/middleware-host-header": 3.379.1
    "@aws-sdk/middleware-logger": 3.378.0
    "@aws-sdk/middleware-recursion-detection": 3.378.0
    "@aws-sdk/middleware-sdk-sts": 3.379.1
    "@aws-sdk/middleware-signing": 3.379.1
    "@aws-sdk/middleware-user-agent": 3.382.0
    "@aws-sdk/types": 3.378.0
    "@aws-sdk/util-endpoints": 3.382.0
    "@aws-sdk/util-user-agent-browser": 3.378.0
    "@aws-sdk/util-user-agent-node": 3.378.0
    "@smithy/config-resolver": ^2.0.1
    "@smithy/fetch-http-handler": ^2.0.1
    "@smithy/hash-node": ^2.0.1
    "@smithy/invalid-dependency": ^2.0.1
    "@smithy/middleware-content-length": ^2.0.1
    "@smithy/middleware-endpoint": ^2.0.1
    "@smithy/middleware-retry": ^2.0.1
    "@smithy/middleware-serde": ^2.0.1
    "@smithy/middleware-stack": ^2.0.0
    "@smithy/node-config-provider": ^2.0.1
    "@smithy/node-http-handler": ^2.0.1
    "@smithy/protocol-http": ^2.0.1
    "@smithy/smithy-client": ^2.0.1
    "@smithy/types": ^2.0.2
    "@smithy/url-parser": ^2.0.1
    "@smithy/util-base64": ^2.0.0
    "@smithy/util-body-length-browser": ^2.0.0
    "@smithy/util-body-length-node": ^2.0.0
    "@smithy/util-defaults-mode-browser": ^2.0.1
    "@smithy/util-defaults-mode-node": ^2.0.1
    "@smithy/util-retry": ^2.0.0
    "@smithy/util-utf8": ^2.0.0
    fast-xml-parser: 4.2.5
    tslib: ^2.5.0
  checksum: 395a5c708ed1cd8cb68dfb638496f08aadf0d5329b5390e732651b411bfc9c21fceb0a9ba84e05980d5a479956a2b0b0d1af766aa736ceeee0821b8508621b1d
  languageName: node
  linkType: hard

"@aws-sdk/credential-provider-env@npm:3.378.0":
  version: 3.378.0
  resolution: "@aws-sdk/credential-provider-env@npm:3.378.0"
  dependencies:
    "@aws-sdk/types": 3.378.0
    "@smithy/property-provider": ^2.0.0
    "@smithy/types": ^2.0.2
    tslib: ^2.5.0
  checksum: ff32e595305f93756bb8fe9b26ca9a5336ca0517ca0d62dfc4cfa36d3bb990a65ebe7b0afcebaf102e4037ddb5b03132a6dde268f421bb72cbbd4249a22715b6
  languageName: node
  linkType: hard

"@aws-sdk/credential-provider-ini@npm:3.385.0":
  version: 3.385.0
  resolution: "@aws-sdk/credential-provider-ini@npm:3.385.0"
  dependencies:
    "@aws-sdk/credential-provider-env": 3.378.0
    "@aws-sdk/credential-provider-process": 3.378.0
    "@aws-sdk/credential-provider-sso": 3.385.0
    "@aws-sdk/credential-provider-web-identity": 3.378.0
    "@aws-sdk/types": 3.378.0
    "@smithy/credential-provider-imds": ^2.0.0
    "@smithy/property-provider": ^2.0.0
    "@smithy/shared-ini-file-loader": ^2.0.0
    "@smithy/types": ^2.0.2
    tslib: ^2.5.0
  checksum: 93b316712e0c4765ff76e24ab43acf79f1eb417e5ae72abe5da55e9ddaa2792fc73b9d854f7d624660200608701a603e9d0ca14af6ad31a5d9e8d681819eba1b
  languageName: node
  linkType: hard

"@aws-sdk/credential-provider-node@npm:3.385.0":
  version: 3.385.0
  resolution: "@aws-sdk/credential-provider-node@npm:3.385.0"
  dependencies:
    "@aws-sdk/credential-provider-env": 3.378.0
    "@aws-sdk/credential-provider-ini": 3.385.0
    "@aws-sdk/credential-provider-process": 3.378.0
    "@aws-sdk/credential-provider-sso": 3.385.0
    "@aws-sdk/credential-provider-web-identity": 3.378.0
    "@aws-sdk/types": 3.378.0
    "@smithy/credential-provider-imds": ^2.0.0
    "@smithy/property-provider": ^2.0.0
    "@smithy/shared-ini-file-loader": ^2.0.0
    "@smithy/types": ^2.0.2
    tslib: ^2.5.0
  checksum: e40bebeb6fabb106ad1aac22014b5789b53db29aa1fd5fa2022c4bb0cf9dbcd4f7bc247bba44326f90602ca36b0643d6d3e74f02d0b4872eca6d2666fb440a21
  languageName: node
  linkType: hard

"@aws-sdk/credential-provider-process@npm:3.378.0":
  version: 3.378.0
  resolution: "@aws-sdk/credential-provider-process@npm:3.378.0"
  dependencies:
    "@aws-sdk/types": 3.378.0
    "@smithy/property-provider": ^2.0.0
    "@smithy/shared-ini-file-loader": ^2.0.0
    "@smithy/types": ^2.0.2
    tslib: ^2.5.0
  checksum: 6b8343fb9266ef490bf8e654f0d0b53585498ecf755e0e5cbee9bc93426927703637d02740050c491738a83c097a4d848244f3a66a633fd526d9339d846bdbdd
  languageName: node
  linkType: hard

"@aws-sdk/credential-provider-sso@npm:3.385.0":
  version: 3.385.0
  resolution: "@aws-sdk/credential-provider-sso@npm:3.385.0"
  dependencies:
    "@aws-sdk/client-sso": 3.382.0
    "@aws-sdk/token-providers": 3.385.0
    "@aws-sdk/types": 3.378.0
    "@smithy/property-provider": ^2.0.0
    "@smithy/shared-ini-file-loader": ^2.0.0
    "@smithy/types": ^2.0.2
    tslib: ^2.5.0
  checksum: f1bcbad656a95442c728c1ccf17c13b0382157c0606d243f367e549dbfa923f1627fad8a088a7222b131bb0954f049a1b272eba375fea5d938dd62e91fec8b1d
  languageName: node
  linkType: hard

"@aws-sdk/credential-provider-web-identity@npm:3.378.0":
  version: 3.378.0
  resolution: "@aws-sdk/credential-provider-web-identity@npm:3.378.0"
  dependencies:
    "@aws-sdk/types": 3.378.0
    "@smithy/property-provider": ^2.0.0
    "@smithy/types": ^2.0.2
    tslib: ^2.5.0
  checksum: 22cf227f609ea654749517e25c88e9c5e7b9dd97cc781d168b1f7cedf26a692a0d1643c3933a1975a95414c0d6a7dbcef6255ca4f13a788e101f95372e17a3af
  languageName: node
  linkType: hard

"@aws-sdk/middleware-bucket-endpoint@npm:3.378.0":
  version: 3.378.0
  resolution: "@aws-sdk/middleware-bucket-endpoint@npm:3.378.0"
  dependencies:
    "@aws-sdk/types": 3.378.0
    "@aws-sdk/util-arn-parser": 3.310.0
    "@smithy/protocol-http": ^2.0.1
    "@smithy/types": ^2.0.2
    "@smithy/util-config-provider": ^2.0.0
    tslib: ^2.5.0
  checksum: 7aa034b5e4abbf8a52a6dea7de61a43c744bda65f0f5d5db8967dd804206264878c321191aa9c6ce6e304e7981e711e47603e0aa0d06b9bde4991ffd1f7accba
  languageName: node
  linkType: hard

"@aws-sdk/middleware-expect-continue@npm:3.378.0":
  version: 3.378.0
  resolution: "@aws-sdk/middleware-expect-continue@npm:3.378.0"
  dependencies:
    "@aws-sdk/types": 3.378.0
    "@smithy/protocol-http": ^2.0.1
    "@smithy/types": ^2.0.2
    tslib: ^2.5.0
  checksum: 0935bd4cbb3ae84f2a84ed1b3526d798b69f2c81a2b94bbb6b04525b907f64891cde4518edaeb7d561bcc37bfeda44fb589c56e5a30de49c4c23a61bc801bcf0
  languageName: node
  linkType: hard

"@aws-sdk/middleware-flexible-checksums@npm:3.383.0":
  version: 3.383.0
  resolution: "@aws-sdk/middleware-flexible-checksums@npm:3.383.0"
  dependencies:
    "@aws-crypto/crc32": 3.0.0
    "@aws-crypto/crc32c": 3.0.0
    "@aws-sdk/types": 3.378.0
    "@smithy/is-array-buffer": ^2.0.0
    "@smithy/protocol-http": ^2.0.1
    "@smithy/types": ^2.0.2
    "@smithy/util-utf8": ^2.0.0
    tslib: ^2.5.0
  checksum: fc08432955bf24f4494eaebf350b3d18f0bce0fe97b5a7f0b022a21a15048094fdb9104bf7b8e45aa9c885ed18a93ab29066c6667a2f5009d02688ab14bf49cc
  languageName: node
  linkType: hard

"@aws-sdk/middleware-host-header@npm:3.379.1":
  version: 3.379.1
  resolution: "@aws-sdk/middleware-host-header@npm:3.379.1"
  dependencies:
    "@aws-sdk/types": 3.378.0
    "@smithy/protocol-http": ^2.0.1
    "@smithy/types": ^2.0.2
    tslib: ^2.5.0
  checksum: 32651531108e43edf745721828feab703ab7f39837da8214bb37593200daab71042336a25b58bd9b3e9b78ac647a828674a48ebbc1f5946a533f8642fb16b92d
  languageName: node
  linkType: hard

"@aws-sdk/middleware-location-constraint@npm:3.379.1":
  version: 3.379.1
  resolution: "@aws-sdk/middleware-location-constraint@npm:3.379.1"
  dependencies:
    "@aws-sdk/types": 3.378.0
    "@smithy/types": ^2.0.2
    tslib: ^2.5.0
  checksum: 6cc91e29e89bb8036bcf53933ac70ec0b90ef899105c10fab8293721424b4a3f4cb86996cec4073c4d7988b9a2810c5bcaab55c18e8be2a5b20646e83306f23a
  languageName: node
  linkType: hard

"@aws-sdk/middleware-logger@npm:3.378.0":
  version: 3.378.0
  resolution: "@aws-sdk/middleware-logger@npm:3.378.0"
  dependencies:
    "@aws-sdk/types": 3.378.0
    "@smithy/types": ^2.0.2
    tslib: ^2.5.0
  checksum: c1c32a5ba4ae92cf988d2c0fed3a15975e1b4612cb546133ac74eb91276fc0714278e3aa30e88d0fae00596208baed76b58e97d952daafd63777b79f185a6c3f
  languageName: node
  linkType: hard

"@aws-sdk/middleware-recursion-detection@npm:3.378.0":
  version: 3.378.0
  resolution: "@aws-sdk/middleware-recursion-detection@npm:3.378.0"
  dependencies:
    "@aws-sdk/types": 3.378.0
    "@smithy/protocol-http": ^2.0.1
    "@smithy/types": ^2.0.2
    tslib: ^2.5.0
  checksum: 2104b3834ac6674afac7a50eb4430277ef789f3fbf439d2adab9d43b6dca5dad7518f2a8cb578d3f2ff2c9883ee4e756c7fa10166c0e49f8ea307555f69b06f0
  languageName: node
  linkType: hard

"@aws-sdk/middleware-sdk-s3@npm:3.379.1":
  version: 3.379.1
  resolution: "@aws-sdk/middleware-sdk-s3@npm:3.379.1"
  dependencies:
    "@aws-sdk/types": 3.378.0
    "@aws-sdk/util-arn-parser": 3.310.0
    "@smithy/protocol-http": ^2.0.1
    "@smithy/types": ^2.0.2
    tslib: ^2.5.0
  checksum: 0e1ff73d9354817439434627c1fbe30ef958f7bcfafecc83cf541e6ef7c8ef623d46db6aa97b0fac2c9ff833e2a9cd55b6de001baba1edf22d2199ebc3bc1bd3
  languageName: node
  linkType: hard

"@aws-sdk/middleware-sdk-sts@npm:3.379.1":
  version: 3.379.1
  resolution: "@aws-sdk/middleware-sdk-sts@npm:3.379.1"
  dependencies:
    "@aws-sdk/middleware-signing": 3.379.1
    "@aws-sdk/types": 3.378.0
    "@smithy/types": ^2.0.2
    tslib: ^2.5.0
  checksum: 22fd2f565c5270ca0de75fbd7d751e15639a8d5fb75656bd8caf62091eda8e47ea208514964a1ae211db63b4d7e98d9a8a8f6e4067953e18a74c039e1a8b9084
  languageName: node
  linkType: hard

"@aws-sdk/middleware-signing@npm:3.379.1":
  version: 3.379.1
  resolution: "@aws-sdk/middleware-signing@npm:3.379.1"
  dependencies:
    "@aws-sdk/types": 3.378.0
    "@smithy/property-provider": ^2.0.0
    "@smithy/protocol-http": ^2.0.1
    "@smithy/signature-v4": ^2.0.0
    "@smithy/types": ^2.0.2
    "@smithy/util-middleware": ^2.0.0
    tslib: ^2.5.0
  checksum: f36f6de13624f504f14db8039e02a6473d366eb11c670f555613ddeb0feac523d08f7d66a985c2a7c1eee548c66f55ac4ed7c148e79efe3fa1f5ad165af627f4
  languageName: node
  linkType: hard

"@aws-sdk/middleware-ssec@npm:3.378.0":
  version: 3.378.0
  resolution: "@aws-sdk/middleware-ssec@npm:3.378.0"
  dependencies:
    "@aws-sdk/types": 3.378.0
    "@smithy/types": ^2.0.2
    tslib: ^2.5.0
  checksum: 4250668f826a5ab855983a98adb08431cf35ad68785e89e1c029c74f994db9d283c8bdcdc1f9fc60a3691b479b78a1cf48898b105f32448d5f092a2a96841e6d
  languageName: node
  linkType: hard

"@aws-sdk/middleware-user-agent@npm:3.382.0":
  version: 3.382.0
  resolution: "@aws-sdk/middleware-user-agent@npm:3.382.0"
  dependencies:
    "@aws-sdk/types": 3.378.0
    "@aws-sdk/util-endpoints": 3.382.0
    "@smithy/protocol-http": ^2.0.1
    "@smithy/types": ^2.0.2
    tslib: ^2.5.0
  checksum: e53150ecc07f408caa6fa69e6e30ebf9aa000fb59737eeb350fdf4db4789e0d2163bf14f17f4ff4223174e932ce5b71bd9ec662efc61a78a963e12891ecfed6f
  languageName: node
  linkType: hard

"@aws-sdk/signature-v4-multi-region@npm:3.378.0":
  version: 3.378.0
  resolution: "@aws-sdk/signature-v4-multi-region@npm:3.378.0"
  dependencies:
    "@aws-sdk/types": 3.378.0
    "@smithy/protocol-http": ^2.0.1
    "@smithy/signature-v4": ^2.0.0
    "@smithy/types": ^2.0.2
    tslib: ^2.5.0
  peerDependencies:
    "@aws-sdk/signature-v4-crt": ^3.118.0
  peerDependenciesMeta:
    "@aws-sdk/signature-v4-crt":
      optional: true
  checksum: 0bf5e16946f6c263e14a36702de7e2be8c070c47426dd5e226e00d0fcd48d407ae6f48127386cc7250ccbad8cb17a0336bfad958236ea11c3a94d3e148244d35
  languageName: node
  linkType: hard

"@aws-sdk/token-providers@npm:3.385.0":
  version: 3.385.0
  resolution: "@aws-sdk/token-providers@npm:3.385.0"
  dependencies:
    "@aws-sdk/types": 3.378.0
    "@smithy/property-provider": ^2.0.0
    "@smithy/shared-ini-file-loader": ^2.0.0
    "@smithy/types": ^2.0.2
    tslib: ^2.5.0
  checksum: 8ee04c94333b39534f3622aa490728393f5dc66a3e1e3e897ca42cf881036e3b46aa4c8c8bc94368333501f6739423fbc1e88fb5c37472bd92e79be040635581
  languageName: node
  linkType: hard

"@aws-sdk/types@npm:3.378.0, @aws-sdk/types@npm:^3.222.0":
  version: 3.378.0
  resolution: "@aws-sdk/types@npm:3.378.0"
  dependencies:
    "@smithy/types": ^2.0.2
    tslib: ^2.5.0
  checksum: c4c7ebb48a625cb990a1288466f2dd8f0d770078cc77b60d5ee4a803b473ff41df474271dff26d3dadad151d5a016b398167738dd4926266ff1cd04585d4d8e8
  languageName: node
  linkType: hard

"@aws-sdk/util-arn-parser@npm:3.310.0":
  version: 3.310.0
  resolution: "@aws-sdk/util-arn-parser@npm:3.310.0"
  dependencies:
    tslib: ^2.5.0
  checksum: faac1e10f8bb6c2fe5fee82bcb7ce56c2b37ae9ffdb2b78b0746a7a06005eaa5ea747a0a10eaf490c1c4907ecc327e1c94a600e26a069e023e54b8d63c031e96
  languageName: node
  linkType: hard

"@aws-sdk/util-endpoints@npm:3.382.0":
  version: 3.382.0
  resolution: "@aws-sdk/util-endpoints@npm:3.382.0"
  dependencies:
    "@aws-sdk/types": 3.378.0
    tslib: ^2.5.0
  checksum: 9573e0d30ef7aafb5f51a51d7cf0416b8fe21af6456bff2c1e660a615325012177b70bf78f6591dbb6d863f4e57ac6ac3279bfa3eca2d504a9121f82edf73118
  languageName: node
  linkType: hard

"@aws-sdk/util-locate-window@npm:^3.0.0":
  version: 3.310.0
  resolution: "@aws-sdk/util-locate-window@npm:3.310.0"
  dependencies:
    tslib: ^2.5.0
  checksum: d552ce5f0f836ecb13d7920ae650552c56706f26a5e8abf894ba471e18775a3791869bda95269153735bac9d211efc3ba78ea01c34428c3fed4318ac693a08bc
  languageName: node
  linkType: hard

"@aws-sdk/util-user-agent-browser@npm:3.378.0":
  version: 3.378.0
  resolution: "@aws-sdk/util-user-agent-browser@npm:3.378.0"
  dependencies:
    "@aws-sdk/types": 3.378.0
    "@smithy/types": ^2.0.2
    bowser: ^2.11.0
    tslib: ^2.5.0
  checksum: 412ef9ffdcd3d32b9e9bb62dfa252871bc9fbee19814553aeff65bffb21de6ca236199b47eb646c4af8cb326aebab3d63ef4b303050e61fb08eed0d12bb73f8c
  languageName: node
  linkType: hard

"@aws-sdk/util-user-agent-node@npm:3.378.0":
  version: 3.378.0
  resolution: "@aws-sdk/util-user-agent-node@npm:3.378.0"
  dependencies:
    "@aws-sdk/types": 3.378.0
    "@smithy/node-config-provider": ^2.0.1
    "@smithy/types": ^2.0.2
    tslib: ^2.5.0
  peerDependencies:
    aws-crt: ">=1.0.0"
  peerDependenciesMeta:
    aws-crt:
      optional: true
  checksum: b37271d56a8d91072b7af5d71351e388a822b389167638d779ce0b099a1024b412fd3b50a6b6334687a3ae0bebec89479e48a9dceed2262f8801e76e3b5f89ad
  languageName: node
  linkType: hard

"@aws-sdk/util-utf8-browser@npm:^3.0.0":
  version: 3.259.0
  resolution: "@aws-sdk/util-utf8-browser@npm:3.259.0"
  dependencies:
    tslib: ^2.3.1
  checksum: b6a1e580da1c9b62c749814182a7649a748ca4253edb4063aa521df97d25b76eae3359eb1680b86f71aac668e05cc05c514379bca39ebf4ba998ae4348412da8
  languageName: node
  linkType: hard

"@aws-sdk/xml-builder@npm:3.310.0":
  version: 3.310.0
  resolution: "@aws-sdk/xml-builder@npm:3.310.0"
  dependencies:
    tslib: ^2.5.0
  checksum: fc17fd8f68470702d947948ada46097bdddecafdc68fa57bf584320e92748e8ef0372a51999d3ab7902ba4f62c2dbfbdec2dba1180fca19bb5127bad1ef0e48b
  languageName: node
  linkType: hard

"@smithy/abort-controller@npm:^2.0.1":
  version: 2.0.1
  resolution: "@smithy/abort-controller@npm:2.0.1"
  dependencies:
    "@smithy/types": ^2.0.2
    tslib: ^2.5.0
  checksum: ec126164886a6f44ed83bde7599cd1a16e20cf429c05bf68897d06220b638aab6c7b6b3b937e65fc25d383d015ed2218ca8c1afaed2ff65fad197d0df2ccebc7
  languageName: node
  linkType: hard

"@smithy/chunked-blob-reader-native@npm:^2.0.0":
  version: 2.0.0
  resolution: "@smithy/chunked-blob-reader-native@npm:2.0.0"
  dependencies:
    "@smithy/util-base64": ^2.0.0
    tslib: ^2.5.0
  checksum: 5f656dbc4913ab8312b6e687938f534a2ed28e749335560c21a6975f691630ede80afc4a81007078692da4eaa91839ae0a6e65dc39f3faf4423538f5d9bef37b
  languageName: node
  linkType: hard

"@smithy/chunked-blob-reader@npm:^2.0.0":
  version: 2.0.0
  resolution: "@smithy/chunked-blob-reader@npm:2.0.0"
  dependencies:
    tslib: ^2.5.0
  checksum: a47e5298f0b28e25eaa5825ea9737718f0e2b7cf0f03a49cca186eb5544dd20ac91a2d92069f9805e40e5f3ab34d32f8091853518672fdbca009411179dbeb2a
  languageName: node
  linkType: hard

"@smithy/config-resolver@npm:^2.0.1":
  version: 2.0.1
  resolution: "@smithy/config-resolver@npm:2.0.1"
  dependencies:
    "@smithy/types": ^2.0.2
    "@smithy/util-config-provider": ^2.0.0
    "@smithy/util-middleware": ^2.0.0
    tslib: ^2.5.0
  checksum: ded6c77fd29ab026b5dcc1b4c4adb417515f7fd18af80f487f1868273ae98003d35ff7c6286207895fc74f5098e6eb8a94555a5af89818796a2fb8bb01a80c60
  languageName: node
  linkType: hard

"@smithy/credential-provider-imds@npm:^2.0.0, @smithy/credential-provider-imds@npm:^2.0.1":
  version: 2.0.1
  resolution: "@smithy/credential-provider-imds@npm:2.0.1"
  dependencies:
    "@smithy/node-config-provider": ^2.0.1
    "@smithy/property-provider": ^2.0.1
    "@smithy/types": ^2.0.2
    "@smithy/url-parser": ^2.0.1
    tslib: ^2.5.0
  checksum: cf0ee4b50da5584685afc9019af1a8e8c910890dc3128a574b606b7845d898cd65429263682ef27da79dc358286f48b4452617a2fe9fcb98e5483908ac05ce8b
  languageName: node
  linkType: hard

"@smithy/eventstream-codec@npm:^2.0.1":
  version: 2.0.1
  resolution: "@smithy/eventstream-codec@npm:2.0.1"
  dependencies:
    "@aws-crypto/crc32": 3.0.0
    "@smithy/types": ^2.0.2
    "@smithy/util-hex-encoding": ^2.0.0
    tslib: ^2.5.0
  checksum: 2b7dc1f974b5302dd9fc0982c2484a4d6286e512db78c1c0b8796a5916c3846644b02c6dbbc8433181aeb41c5468d73635459e9f37d640a0bdaf3fe670da8914
  languageName: node
  linkType: hard

"@smithy/eventstream-serde-browser@npm:^2.0.1":
  version: 2.0.1
  resolution: "@smithy/eventstream-serde-browser@npm:2.0.1"
  dependencies:
    "@smithy/eventstream-serde-universal": ^2.0.1
    "@smithy/types": ^2.0.2
    tslib: ^2.5.0
  checksum: 08fc90c21a27f323a30c95d6fbbd57df077fbde8d80ae554b13984cc9a189f31e173296fdff64d7630118949f206d2054e75dd8e0ed97d281e1b41c933947570
  languageName: node
  linkType: hard

"@smithy/eventstream-serde-config-resolver@npm:^2.0.1":
  version: 2.0.1
  resolution: "@smithy/eventstream-serde-config-resolver@npm:2.0.1"
  dependencies:
    "@smithy/types": ^2.0.2
    tslib: ^2.5.0
  checksum: 9efb031a7029fe21153d695126ee28bfbaa1c42d6d7b4ffedf06959e9d4ab3c7312c7c75cea102af2451dad919bea49dbe9d6fb9877fbf25fdd639a8c715a864
  languageName: node
  linkType: hard

"@smithy/eventstream-serde-node@npm:^2.0.1":
  version: 2.0.1
  resolution: "@smithy/eventstream-serde-node@npm:2.0.1"
  dependencies:
    "@smithy/eventstream-serde-universal": ^2.0.1
    "@smithy/types": ^2.0.2
    tslib: ^2.5.0
  checksum: ff7460759e45286980d8c7addff2bd52b8c8dbcddd6ad6877f31654f936be5dbfbe9745b1ce70fb6b05b0426181594555593826b209f41e74fdc78dcb2e500b7
  languageName: node
  linkType: hard

"@smithy/eventstream-serde-universal@npm:^2.0.1":
  version: 2.0.1
  resolution: "@smithy/eventstream-serde-universal@npm:2.0.1"
  dependencies:
    "@smithy/eventstream-codec": ^2.0.1
    "@smithy/types": ^2.0.2
    tslib: ^2.5.0
  checksum: b9c7492719ccf444d209e6ced04c1526211b65cab23d6dbf89213c65957493cd5d0ec0f382d021c22e93461d2a7f3a2c7cb08c899d9e1690c3bf9c47d3edfa47
  languageName: node
  linkType: hard

"@smithy/fetch-http-handler@npm:^2.0.1":
  version: 2.0.1
  resolution: "@smithy/fetch-http-handler@npm:2.0.1"
  dependencies:
    "@smithy/protocol-http": ^2.0.1
    "@smithy/querystring-builder": ^2.0.1
    "@smithy/types": ^2.0.2
    "@smithy/util-base64": ^2.0.0
    tslib: ^2.5.0
  checksum: ba80a2182d3c68a88212a99cbeb1bd645f5f6f7584081763faf5590443266e9f32b15e8f7380eaf92ed61fe9fdfbdec1ec030eb0c02b68ed48b4fa710c6718e3
  languageName: node
  linkType: hard

"@smithy/hash-blob-browser@npm:^2.0.1":
  version: 2.0.1
  resolution: "@smithy/hash-blob-browser@npm:2.0.1"
  dependencies:
    "@smithy/chunked-blob-reader": ^2.0.0
    "@smithy/chunked-blob-reader-native": ^2.0.0
    "@smithy/types": ^2.0.2
    tslib: ^2.5.0
  checksum: 480555069022fc725f05b1b5ecdd3d70280d851a4e61b5ddd3f1c43ef59e8c0e9e3b45991716a87d9bb7d542833d01d0d614d3b7d60448ffa521956a8be58cb3
  languageName: node
  linkType: hard

"@smithy/hash-node@npm:^2.0.1":
  version: 2.0.1
  resolution: "@smithy/hash-node@npm:2.0.1"
  dependencies:
    "@smithy/types": ^2.0.2
    "@smithy/util-buffer-from": ^2.0.0
    "@smithy/util-utf8": ^2.0.0
    tslib: ^2.5.0
  checksum: e1a1b1ea44f42eacd982680877c31ce4ea4243455bc16e89357981c60902f93074874148701bc82776f41e66eacc6b16c8cc46cd7c99f4135ba13f4ba4a44edf
  languageName: node
  linkType: hard

"@smithy/hash-stream-node@npm:^2.0.1":
  version: 2.0.1
  resolution: "@smithy/hash-stream-node@npm:2.0.1"
  dependencies:
    "@smithy/types": ^2.0.2
    "@smithy/util-utf8": ^2.0.0
    tslib: ^2.5.0
  checksum: 8c80dbfe4ae143d73feae381c47e78e29f05d9bfed457cfdb22c5e0fc5b773500c943cd9ca58a1eb04f7ccfcea197bcd05741ad68ae17b08472264e900bc8edf
  languageName: node
  linkType: hard

"@smithy/invalid-dependency@npm:^2.0.1":
  version: 2.0.1
  resolution: "@smithy/invalid-dependency@npm:2.0.1"
  dependencies:
    "@smithy/types": ^2.0.2
    tslib: ^2.5.0
  checksum: d50f5781c9e0b1cb336fa20979ee69640bfa586139237eacae9f9068e40c8c729b3b4646af5fab0250e8e49649acab14262d3524f515ecbecc58cd24b68b7ef5
  languageName: node
  linkType: hard

"@smithy/is-array-buffer@npm:^2.0.0":
  version: 2.0.0
  resolution: "@smithy/is-array-buffer@npm:2.0.0"
  dependencies:
    tslib: ^2.5.0
  checksum: 6d101cf509a7818667f42d297894f88f86ef41d3cc9d02eae38bbe5e69b16edf83b8e67eb691964d859a16a4e39db1aad323d83f6ae55ae4512a14ff6406c02d
  languageName: node
  linkType: hard

"@smithy/md5-js@npm:^2.0.1":
  version: 2.0.1
  resolution: "@smithy/md5-js@npm:2.0.1"
  dependencies:
    "@smithy/types": ^2.0.2
    "@smithy/util-utf8": ^2.0.0
    tslib: ^2.5.0
  checksum: 29593e5ea6a53140edadbbfba1004ca811cef1d53db800446fa578a88d71fb1e042cb551b5b954162066027a09c7866d7d955f6d0aadfebeec01af744f7c8b8a
  languageName: node
  linkType: hard

"@smithy/middleware-content-length@npm:^2.0.1":
  version: 2.0.1
  resolution: "@smithy/middleware-content-length@npm:2.0.1"
  dependencies:
    "@smithy/protocol-http": ^2.0.1
    "@smithy/types": ^2.0.2
    tslib: ^2.5.0
  checksum: f9074ba2d5780b0d55e46aeacff8276fb11acf828afdc813ec3c5f118323533f774dd2b99ae00c946993c5ba91c66afa5b40d66ce5f035a456cf6c4cd38a83e1
  languageName: node
  linkType: hard

"@smithy/middleware-endpoint@npm:^2.0.1":
  version: 2.0.1
  resolution: "@smithy/middleware-endpoint@npm:2.0.1"
  dependencies:
    "@smithy/middleware-serde": ^2.0.1
    "@smithy/types": ^2.0.2
    "@smithy/url-parser": ^2.0.1
    "@smithy/util-middleware": ^2.0.0
    tslib: ^2.5.0
  checksum: 5aa0a4c6972a533936dba5eb0d719bb9b534484a401f1a6135a201fc683083aa925d207f2155e15656b2c941c05de2a2aa74dae5e0b9d1a183371a3c3b90b3f6
  languageName: node
  linkType: hard

"@smithy/middleware-retry@npm:^2.0.1":
  version: 2.0.1
  resolution: "@smithy/middleware-retry@npm:2.0.1"
  dependencies:
    "@smithy/protocol-http": ^2.0.1
    "@smithy/service-error-classification": ^2.0.0
    "@smithy/types": ^2.0.2
    "@smithy/util-middleware": ^2.0.0
    "@smithy/util-retry": ^2.0.0
    tslib: ^2.5.0
    uuid: ^8.3.2
  checksum: a1dd6d1feb560632075f3b3be2f3d406635dc3a158e286eb43f3b93c52deacb2a7c7262f3c911cb652f42e4cb4091155482b04a6c0c61360b650468a54f944b2
  languageName: node
  linkType: hard

"@smithy/middleware-serde@npm:^2.0.1":
  version: 2.0.1
  resolution: "@smithy/middleware-serde@npm:2.0.1"
  dependencies:
    "@smithy/types": ^2.0.2
    tslib: ^2.5.0
  checksum: 115d2b94925f24e3592d6e3889179c30c8992957021bfdc67496f9e36dcb3ffe2282a01c0e439282e89c0a5b56bf125a1bec2c87aed02e325316e3b6050ed9fa
  languageName: node
  linkType: hard

"@smithy/middleware-stack@npm:^2.0.0":
  version: 2.0.0
  resolution: "@smithy/middleware-stack@npm:2.0.0"
  dependencies:
    tslib: ^2.5.0
  checksum: dd23dff4da44964e936c5ae465de9416bb8dd67da2ae72ffe450156ad52e82475836ed5c18d82cef7edeca421b33d363889549e34482008eeb9ca0bb97f061f2
  languageName: node
  linkType: hard

"@smithy/node-config-provider@npm:^2.0.1":
  version: 2.0.1
  resolution: "@smithy/node-config-provider@npm:2.0.1"
  dependencies:
    "@smithy/property-provider": ^2.0.1
    "@smithy/shared-ini-file-loader": ^2.0.1
    "@smithy/types": ^2.0.2
    tslib: ^2.5.0
  checksum: 9752c8e7c01fc991b93bb080e8486b82d55d592a2c7573004c2e296c192c153b967c79c03be0924c59e14ffc3de04ca861e99370d2ae9a0d8c54f25ea3f99be8
  languageName: node
  linkType: hard

"@smithy/node-http-handler@npm:^2.0.1":
  version: 2.0.1
  resolution: "@smithy/node-http-handler@npm:2.0.1"
  dependencies:
    "@smithy/abort-controller": ^2.0.1
    "@smithy/protocol-http": ^2.0.1
    "@smithy/querystring-builder": ^2.0.1
    "@smithy/types": ^2.0.2
    tslib: ^2.5.0
  checksum: 04705e7c28fb71a5800a511f64dd182230a501742f779860b1d2155a02eec9c9df3b573e2ad9cd3a0148891f02b780edb7803c95b321dd4a2659715ac73566ee
  languageName: node
  linkType: hard

"@smithy/property-provider@npm:^2.0.0, @smithy/property-provider@npm:^2.0.1":
  version: 2.0.1
  resolution: "@smithy/property-provider@npm:2.0.1"
  dependencies:
    "@smithy/types": ^2.0.2
    tslib: ^2.5.0
  checksum: 56ea840032911b37a2e602144cf4cf08401a79a3ab06e226a4cf65a14b77e70e4d0bd8f762d172e322a0cf75f45bd1886a265687e090a2848798225e276f2882
  languageName: node
  linkType: hard

"@smithy/protocol-http@npm:^2.0.1":
  version: 2.0.1
  resolution: "@smithy/protocol-http@npm:2.0.1"
  dependencies:
    "@smithy/types": ^2.0.2
    tslib: ^2.5.0
  checksum: cc3d354fad3f27ab29cf7053bbdbbd150dca1864595a46d463abf06595af68e5c31cfc2d03b971fbb693cb9abd3be5763a195497a4fe19f8aed3132069ae3246
  languageName: node
  linkType: hard

"@smithy/querystring-builder@npm:^2.0.1":
  version: 2.0.1
  resolution: "@smithy/querystring-builder@npm:2.0.1"
  dependencies:
    "@smithy/types": ^2.0.2
    "@smithy/util-uri-escape": ^2.0.0
    tslib: ^2.5.0
  checksum: f8ec37623054fcbad8317b57ef41fc906f3f22260b365e7c3b107219dcf456c5c7347165f3bf25d47a4c592548d835778f9c8bc7cc7306b65aa6ce429d94a345
  languageName: node
  linkType: hard

"@smithy/querystring-parser@npm:^2.0.1":
  version: 2.0.1
  resolution: "@smithy/querystring-parser@npm:2.0.1"
  dependencies:
    "@smithy/types": ^2.0.2
    tslib: ^2.5.0
  checksum: a6107281ae33beb5518b85de82fea7692cfcb6c15155719c6ba6ee44cc75b20f07ce28214c635ee38b0474995c0a23b4872feef8bd9f98a7811b7ccf59bac819
  languageName: node
  linkType: hard

"@smithy/service-error-classification@npm:^2.0.0":
  version: 2.0.0
  resolution: "@smithy/service-error-classification@npm:2.0.0"
  checksum: f6f9b869dca8e74871c428e1277dd3700f67b0ca61de69fc838ac55187bbc602193a7d1073113ea6916892babf3f8fe4938b182fc902ce0a415928799a7e3f9a
  languageName: node
  linkType: hard

"@smithy/shared-ini-file-loader@npm:^2.0.0, @smithy/shared-ini-file-loader@npm:^2.0.1":
  version: 2.0.1
  resolution: "@smithy/shared-ini-file-loader@npm:2.0.1"
  dependencies:
    "@smithy/types": ^2.0.2
    tslib: ^2.5.0
  checksum: 0f67d0ba9e44286a444301e603260a2ae5973324d43bc89f6ca15d2a830b32c1232474ff452cf3d607ee08d4fa6d17517fd901a4e6fd4dddbc571aa6b1ae3b6d
  languageName: node
  linkType: hard

"@smithy/signature-v4@npm:^2.0.0":
  version: 2.0.1
  resolution: "@smithy/signature-v4@npm:2.0.1"
  dependencies:
    "@smithy/eventstream-codec": ^2.0.1
    "@smithy/is-array-buffer": ^2.0.0
    "@smithy/types": ^2.0.2
    "@smithy/util-hex-encoding": ^2.0.0
    "@smithy/util-middleware": ^2.0.0
    "@smithy/util-uri-escape": ^2.0.0
    "@smithy/util-utf8": ^2.0.0
    tslib: ^2.5.0
  checksum: 2c4bc499251dfbdbea0359fc5196002ac805df7f6f87d7cba36164d8fcd16a749a3c1a52259569134628511dc496724d5e76744c1c39fee3a3f42c5fbfe3749b
  languageName: node
  linkType: hard

"@smithy/smithy-client@npm:^2.0.1":
  version: 2.0.1
  resolution: "@smithy/smithy-client@npm:2.0.1"
  dependencies:
    "@smithy/middleware-stack": ^2.0.0
    "@smithy/types": ^2.0.2
    "@smithy/util-stream": ^2.0.1
    tslib: ^2.5.0
  checksum: 5c4abe0a0a67f2c2aa47cbf2806d0d44a34f97ebc83f1add9654d95cef3303fc0dff41237a7e360ae6c2be721e945c889bf869f11476a759c0ad82d61df18f5a
  languageName: node
  linkType: hard

"@smithy/types@npm:^2.0.2":
  version: 2.0.2
  resolution: "@smithy/types@npm:2.0.2"
  dependencies:
    tslib: ^2.5.0
  checksum: 4afdd7c77b212abd9e0770a1489057aa0470f8a59061c4fb2175b1f12e02180db3d85e16f2cd870a95c17bd28a5a4b8ef1dff1ade6852f85eafea12872d9588e
  languageName: node
  linkType: hard

"@smithy/url-parser@npm:^2.0.1":
  version: 2.0.1
  resolution: "@smithy/url-parser@npm:2.0.1"
  dependencies:
    "@smithy/querystring-parser": ^2.0.1
    "@smithy/types": ^2.0.2
    tslib: ^2.5.0
  checksum: 653bdeff812b972fa88a4e2d795c38df1aca68055818d150727b8b7d2b7b6bb00aed003b113febe371ed2e38e8dd4715b31af6afce7e883d937aed75e7ff48fb
  languageName: node
  linkType: hard

"@smithy/util-base64@npm:^2.0.0":
  version: 2.0.0
  resolution: "@smithy/util-base64@npm:2.0.0"
  dependencies:
    "@smithy/util-buffer-from": ^2.0.0
    tslib: ^2.5.0
  checksum: 52124a684dfac853288acd2a0ffff02559c21bf7faaa3db58a914e4acb4b1f7925fd48593e7545db87f8f962250824d1249dc8be645ecbd2c1dd1728cfe1069b
  languageName: node
  linkType: hard

"@smithy/util-body-length-browser@npm:^2.0.0":
  version: 2.0.0
  resolution: "@smithy/util-body-length-browser@npm:2.0.0"
  dependencies:
    tslib: ^2.5.0
  checksum: 4bccdd857bd24c9dcb6e9f2d5be03d59415f9a94d660ec7b3efb45e9aa04017f34c387368f176f24233a071af3b7a2b5f8236a2f5a83bfc884d24dfcc341e836
  languageName: node
  linkType: hard

"@smithy/util-body-length-node@npm:^2.0.0":
  version: 2.0.0
  resolution: "@smithy/util-body-length-node@npm:2.0.0"
  dependencies:
    tslib: ^2.5.0
  checksum: 47ded0cc99f880eda353700e10d6131289683164d4ef98a24a2d79449d33f3bbf70c1ce0a66fc457e0c8d14be9fb2a3430fa09302bbc3daa5d23129e11fff478
  languageName: node
  linkType: hard

"@smithy/util-buffer-from@npm:^2.0.0":
  version: 2.0.0
  resolution: "@smithy/util-buffer-from@npm:2.0.0"
  dependencies:
    "@smithy/is-array-buffer": ^2.0.0
    tslib: ^2.5.0
  checksum: d33cbf3e488d23390c88705ddae71b08de7a87b6453e38b508cd37a22a02e8b5be9f0cd46c1347b496c3977a815a7399b18840544ecdc4cce8cf3dcd0f5bb009
  languageName: node
  linkType: hard

"@smithy/util-config-provider@npm:^2.0.0":
  version: 2.0.0
  resolution: "@smithy/util-config-provider@npm:2.0.0"
  dependencies:
    tslib: ^2.5.0
  checksum: cdc34db5b42658a7c98652ddb2e35b31e0d76f22a051d71724927999a53467fb38fe6dcf228585544bc168cbd54ded3913e14cbc33c947d3c8a45ca518a9b7b0
  languageName: node
  linkType: hard

"@smithy/util-defaults-mode-browser@npm:^2.0.1":
  version: 2.0.1
  resolution: "@smithy/util-defaults-mode-browser@npm:2.0.1"
  dependencies:
    "@smithy/property-provider": ^2.0.1
    "@smithy/types": ^2.0.2
    bowser: ^2.11.0
    tslib: ^2.5.0
  checksum: b436183ca880c1bb607116c780e7e8d1e252aeb51daf5f35740281671a4553431f393847d74ad180e9388bf11aeab1c675f61bb3a34a0d2fa9943111b063b17d
  languageName: node
  linkType: hard

"@smithy/util-defaults-mode-node@npm:^2.0.1":
  version: 2.0.1
  resolution: "@smithy/util-defaults-mode-node@npm:2.0.1"
  dependencies:
    "@smithy/config-resolver": ^2.0.1
    "@smithy/credential-provider-imds": ^2.0.1
    "@smithy/node-config-provider": ^2.0.1
    "@smithy/property-provider": ^2.0.1
    "@smithy/types": ^2.0.2
    tslib: ^2.5.0
  checksum: ffd9601a8b37e1ea7a2c23bcaa70bf297c5c95113e8bab41a2f533d1a2f9f9631e66b5360312e202980dbd03ed3c8d8146dd33c8d4e5d3caf30c78a39b301de2
  languageName: node
  linkType: hard

"@smithy/util-hex-encoding@npm:^2.0.0":
  version: 2.0.0
  resolution: "@smithy/util-hex-encoding@npm:2.0.0"
  dependencies:
    tslib: ^2.5.0
  checksum: 884373e089d909e3c9805bdb78f367d1f3612e4e1e6d8f0263cc82a8b9689eddc0bc80b8b58aa711bd5b48d9cb124f9996906c172e951c9dac78984459e831cf
  languageName: node
  linkType: hard

"@smithy/util-middleware@npm:^2.0.0":
  version: 2.0.0
  resolution: "@smithy/util-middleware@npm:2.0.0"
  dependencies:
    tslib: ^2.5.0
  checksum: 10401734a10e0c48ed684f20b7a34c40ed85f2e906e61adb6295963d035f2a93b524e80149a252a259a4bca3626773bf89c5eaa2423fd565358c6b4eb9b6d4e0
  languageName: node
  linkType: hard

"@smithy/util-retry@npm:^2.0.0":
  version: 2.0.0
  resolution: "@smithy/util-retry@npm:2.0.0"
  dependencies:
    "@smithy/service-error-classification": ^2.0.0
    tslib: ^2.5.0
  checksum: d5bfe5e81f41dffce6ba5aaf784f08247602d00f883c10c0de9e34a7f04f5369d7ac43901dd75eecc3864882b7390ad40885d07b3dcb35a366411b639482e673
  languageName: node
  linkType: hard

"@smithy/util-stream@npm:^2.0.1":
  version: 2.0.1
  resolution: "@smithy/util-stream@npm:2.0.1"
  dependencies:
    "@smithy/fetch-http-handler": ^2.0.1
    "@smithy/node-http-handler": ^2.0.1
    "@smithy/types": ^2.0.2
    "@smithy/util-base64": ^2.0.0
    "@smithy/util-buffer-from": ^2.0.0
    "@smithy/util-hex-encoding": ^2.0.0
    "@smithy/util-utf8": ^2.0.0
    tslib: ^2.5.0
  checksum: 3a190a9e5e3675e69ffdb72bec00216cb8c3e5a565cdcea47bff593c8aac34bc39897c870c4ad82ea369a5be5caa63b08a20516653b6de0e0a19a291315c3773
  languageName: node
  linkType: hard

"@smithy/util-uri-escape@npm:^2.0.0":
  version: 2.0.0
  resolution: "@smithy/util-uri-escape@npm:2.0.0"
  dependencies:
    tslib: ^2.5.0
  checksum: d201cee524ece997c406902463b5ea0b72599994f7b3ac1d923d5645497e9ef93126d146016f13dd4afafe33b9a3e92faf4e023cf0af510b270c1b9ce3d78da8
  languageName: node
  linkType: hard

"@smithy/util-utf8@npm:^2.0.0":
  version: 2.0.0
  resolution: "@smithy/util-utf8@npm:2.0.0"
  dependencies:
    "@smithy/util-buffer-from": ^2.0.0
    tslib: ^2.5.0
  checksum: bc8cda84f85b513380a61352635b306ae50d3b92974454db32835b39bbaa38150332b89346098ba9dea2e0002e2963fcbdd622bc9b3eec7b7ea8fa3f8c7ce737
  languageName: node
  linkType: hard

"@smithy/util-waiter@npm:^2.0.1":
  version: 2.0.1
  resolution: "@smithy/util-waiter@npm:2.0.1"
  dependencies:
    "@smithy/abort-controller": ^2.0.1
    "@smithy/types": ^2.0.2
    tslib: ^2.5.0
  checksum: d85893533b4222545151d8a0e4c67400a8370bc3dce34c17f5ce0c19b4dadf102ffa7b3ef2b5004abcf0892c318825b07498f8a86f2430cc886f55bf7369a57f
  languageName: node
  linkType: hard

"aws-ecs-s3@workspace:.":
  version: 0.0.0-use.local
  resolution: "aws-ecs-s3@workspace:."
  dependencies:
    "@aws-sdk/client-s3": ^3.385.0
    dotenv: ^16.3.1
  languageName: unknown
  linkType: soft

"bowser@npm:^2.11.0":
  version: 2.11.0
  resolution: "bowser@npm:2.11.0"
  checksum: 29c3f01f22e703fa6644fc3b684307442df4240b6e10f6cfe1b61c6ca5721073189ca97cdeedb376081148c8518e33b1d818a57f781d70b0b70e1f31fb48814f
  languageName: node
  linkType: hard

"dotenv@npm:^16.3.1":
  version: 16.3.1
  resolution: "dotenv@npm:16.3.1"
  checksum: 15d75e7279018f4bafd0ee9706593dd14455ddb71b3bcba9c52574460b7ccaf67d5cf8b2c08a5af1a9da6db36c956a04a1192b101ee102a3e0cf8817bbcf3dfd
  languageName: node
  linkType: hard

"fast-xml-parser@npm:4.2.5":
  version: 4.2.5
  resolution: "fast-xml-parser@npm:4.2.5"
  dependencies:
    strnum: ^1.0.5
  bin:
    fxparser: src/cli/cli.js
  checksum: d32b22005504eeb207249bf40dc82d0994b5bb9ca9dcc731d335a1f425e47fe085b3cace3cf9d32172dd1a5544193c49e8615ca95b4bf95a4a4920a226b06d80
  languageName: node
  linkType: hard

"strnum@npm:^1.0.5":
  version: 1.0.5
  resolution: "strnum@npm:1.0.5"
  checksum: 651b2031db5da1bf4a77fdd2f116a8ac8055157c5420f5569f64879133825915ad461513e7202a16d7fec63c54fd822410d0962f8ca12385c4334891b9ae6dd2
  languageName: node
  linkType: hard

"tslib@npm:^1.11.1":
  version: 1.14.1
  resolution: "tslib@npm:1.14.1"
  checksum: dbe628ef87f66691d5d2959b3e41b9ca0045c3ee3c7c7b906cc1e328b39f199bb1ad9e671c39025bd56122ac57dfbf7385a94843b1cc07c60a4db74795829acd
  languageName: node
  linkType: hard

"tslib@npm:^2.3.1, tslib@npm:^2.5.0":
  version: 2.6.1
  resolution: "tslib@npm:2.6.1"
  checksum: b0d176d176487905b66ae4d5856647df50e37beea7571c53b8d10ba9222c074b81f1410fb91da13debaf2cbc970663609068bdebafa844ea9d69b146527c38fe
  languageName: node
  linkType: hard

"uuid@npm:^8.3.2":
  version: 8.3.2
  resolution: "uuid@npm:8.3.2"
  bin:
    uuid: dist/bin/uuid
  checksum: 5575a8a75c13120e2f10e6ddc801b2c7ed7d8f3c8ac22c7ed0c7b2ba6383ec0abda88c905085d630e251719e0777045ae3236f04c812184b7c765f63a70e58df
  languageName: node
  linkType: hard
